
Microsoft Visual Studio Solution File, Format Version 12.00
# Visual Studio Version 16
VisualStudioVersion = 16.0.32228.343
MinimumVisualStudioVersion = 10.0.40219.1
Project("{888888A0-9F3D-457C-B088-3A5042F75D52}") = "SubtitlesDivider", "SubtitlesDivider\SubtitlesDivider.pyproj", "{AE505085-8EDC-449B-8B95-813956701583}"
EndProject
Global
	GlobalSection(SolutionConfigurationPlatforms) = preSolution
		Debug|Any CPU = Debug|Any CPU
		Release|Any CPU = Release|Any CPU
	EndGlobalSection
	GlobalSection(ProjectConfigurationPlatforms) = postSolution
		{AE505085-8EDC-449B-8B95-813956701583}.Debug|Any CPU.ActiveCfg = Debug|Any CPU
		{AE505085-8EDC-449B-8B95-813956701583}.Debug|Any CPU.Build.0 = Debug|Any CPU
		{AE505085-8EDC-449B-8B95-813956701583}.Release|Any CPU.ActiveCfg = Release|Any CPU
		{AE505085-8EDC-449B-8B95-813956701583}.Release|Any CPU.Build.0 = Release|Any CPU
	EndGlobalSection
	GlobalSection(SolutionProperties) = preSolution
		HideSolutionNode = FALSE
	EndGlobalSection
	GlobalSection(ExtensibilityGlobals) = postSolution
		SolutionGuid = {A7039D14-E7B5-420F-84A8-E5AB405CF7DC}
	EndGlobalSection
EndGlobal
